Microsoft Visual Studio Solution File, Format Version 11.00
# Visual Studio 2008

Project("{3D801AA5-32C1-CEC3-EE82-D87A99FDF63F}") = "temp", "Assembly-CSharp-firstpass.csproj", "{327E63C0-89F4-A056-5DB5-0BB194E5BF9A}"
EndProject
Project("{3D801AA5-32C1-CEC3-EE82-D87A99FDF63F}") = "temp", "Assembly-CSharp-Editor.csproj", "{D76BA288-6F36-A95D-37C6-872691640EF2}"
EndProject
Project("{3D801AA5-32C1-CEC3-EE82-D87A99FDF63F}") = "temp", "Assembly-UnityScript.unityproj", "{0F90C85D-B6BC-47E4-137F-964030675DB2}"
EndProject
Global
	GlobalSection(SolutionConfigurationPlatforms) = preSolution
		Debug|Any CPU = Debug|Any CPU
		Release|Any CPU = Release|Any CPU
	EndGlobalSection
	GlobalSection(ProjectConfigurationPlatforms) = postSolution
		{327E63C0-89F4-A056-5DB5-0BB194E5BF9A}.Debug|Any CPU.ActiveCfg = Debug|Any CPU
		{327E63C0-89F4-A056-5DB5-0BB194E5BF9A}.Debug|Any CPU.Build.0 = Debug|Any CPU
		{327E63C0-89F4-A056-5DB5-0BB194E5BF9A}.Release|Any CPU.ActiveCfg = Release|Any CPU
		{327E63C0-89F4-A056-5DB5-0BB194E5BF9A}.Release|Any CPU.Build.0 = Release|Any CPU
		{D76BA288-6F36-A95D-37C6-872691640EF2}.Debug|Any CPU.ActiveCfg = Debug|Any CPU
		{D76BA288-6F36-A95D-37C6-872691640EF2}.Debug|Any CPU.Build.0 = Debug|Any CPU
		{D76BA288-6F36-A95D-37C6-872691640EF2}.Release|Any CPU.ActiveCfg = Release|Any CPU
		{D76BA288-6F36-A95D-37C6-872691640EF2}.Release|Any CPU.Build.0 = Release|Any CPU
		{0F90C85D-B6BC-47E4-137F-964030675DB2}.Debug|Any CPU.ActiveCfg = Debug|Any CPU
		{0F90C85D-B6BC-47E4-137F-964030675DB2}.Debug|Any CPU.Build.0 = Debug|Any CPU
		{0F90C85D-B6BC-47E4-137F-964030675DB2}.Release|Any CPU.ActiveCfg = Release|Any CPU
		{0F90C85D-B6BC-47E4-137F-964030675DB2}.Release|Any CPU.Build.0 = Release|Any CPU
	EndGlobalSection
	GlobalSection(SolutionProperties) = preSolution
		HideSolutionNode = FALSE
	EndGlobalSection
	GlobalSection(MonoDevelopProperties) = preSolution
		StartupItem = Assembly-CSharp.csproj
	EndGlobalSection
EndGlobal
